// !$*UTF8*$!
{
	archiveVersion = 1;
	classes = {
	};
	objectVersion = 50;
	objects = {

/* Begin PBXBuildFile section */
		306B5219251C8100001A46B5 /* AppDelegate.swift in Sources */ = {isa = PBXBuildFile; fileRef = 306B5218251C8100001A46B5 /* AppDelegate.swift */; };
		306B521B251C8100001A46B5 /* SceneDelegate.swift in Sources */ = {isa = PBXBuildFile; fileRef = 306B521A251C8100001A46B5 /* SceneDelegate.swift */; };
		306B5220251C8100001A46B5 /* Main.storyboard in Resources */ = {isa = PBXBuildFile; fileRef = 306B521E251C8100001A46B5 /* Main.storyboard */; };
		306B5222251C8114001A46B5 /* Assets.xcassets in Resources */ = {isa = PBXBuildFile; fileRef = 306B5221251C8114001A46B5 /* Assets.xcassets */; };
		306B5225251C8114001A46B5 /* LaunchScreen.storyboard in Resources */ = {isa = PBXBuildFile; fileRef = 306B5223251C8114001A46B5 /* LaunchScreen.storyboard */; };
		306B522D251C8369001A46B5 /* ToDoListTableViewController.swift in Sources */ = {isa = PBXBuildFile; fileRef = 306B522C251C8369001A46B5 /* ToDoListTableViewController.swift */; };
		30B5C6802528677F00892525 /* Item.swift in Sources */ = {isa = PBXBuildFile; fileRef = 30B5C67F2528677F00892525 /* Item.swift */; };
/* End PBXBuildFile section */

/* Begin PBXFileReference section */
		306B5215251C8100001A46B5 /* subclassing_tableViewController.app */ = {isa = PBXFileReference; explicitFileType = wrapper.application; includeInIndex = 0; path = subclassing_tableViewController.app; sourceTree = BUILT_PRODUCTS_DIR; };
		306B5218251C8100001A46B5 /* AppDelegate.swift */ = {isa = PBXFileReference; lastKnownFileType = sourcecode.swift; path = AppDelegate.swift; sourceTree = "<group>"; };
		306B521A251C8100001A46B5 /* SceneDelegate.swift */ = {isa = PBXFileReference; lastKnownFileType = sourcecode.swift; path = SceneDelegate.swift; sourceTree = "<group>"; };
		306B521F251C8100001A46B5 /* Base */ = {isa = PBXFileReference; lastKnownFileType = file.storyboard; name = Base; path = Base.lproj/Main.storyboard; sourceTree = "<group>"; };
		306B5221251C8114001A46B5 /* Assets.xcassets */ = {isa = PBXFileReference; lastKnownFileType = folder.assetcatalog; path = Assets.xcassets; sourceTree = "<group>"; };
		306B5224251C8114001A46B5 /* Base */ = {isa = PBXFileReference; lastKnownFileType = file.storyboard; name = Base; path = Base.lproj/LaunchScreen.storyboard; sourceTree = "<group>"; };
		306B5226251C8114001A46B5 /* Info.plist */ = {isa = PBXFileReference; lastKnownFileType = text.plist.xml; path = Info.plist; sourceTree = "<group>"; };
		306B522C251C8369001A46B5 /* ToDoListTableViewController.swift */ = {isa = PBXFileReference; lastKnownFileType = sourcecode.swift; path = ToDoListTableViewController.swift; sourceTree = "<group>"; };
		30B5C67F2528677F00892525 /* Item.swift */ = {isa = PBXFileReference; lastKnownFileType = sourcecode.swift; path = Item.swift; sourceTree = "<group>"; };
/* End PBXFileReference section */

/* Begin PBXFrameworksBuildPhase section */
		306B5212251C8100001A46B5 /* Frameworks */ = {
			isa = PBXFrameworksBuildPhase;
			buildActionMask = 2147483647;
			files = (
			);
			runOnlyForDeploymentPostprocessing = 0;
		};
/* End PBXFrameworksBuildPhase section */

/* Begin PBXGroup section */
		306B520C251C8100001A46B5 = {
			isa = PBXGroup;
			children = (
				306B5217251C8100001A46B5 /* subclassing_tableViewController */,
				306B5216251C8100001A46B5 /* Products */,
			);
			sourceTree = "<group>";
		};
		306B5216251C8100001A46B5 /* Products */ = {
			isa = PBXGroup;
			children = (
				306B5215251C8100001A46B5 /* subclassing_tableViewController.app */,
			);
			name = Products;
			sourceTree = "<group>";
		};
		306B5217251C8100001A46B5 /* subclassing_tableViewController */ = {
			isa = PBXGroup;
			children = (
				306B5218251C8100001A46B5 /* AppDelegate.swift */,
				306B521A251C8100001A46B5 /* SceneDelegate.swift */,
				30B5C6812528678800892525 /* Data Model */,
				30B5C67E2528674300892525 /* Views */,
				30B5C67C2528671100892525 /* Controllers */,
				30B5C67D2528672E00892525 /* Supporting Files */,
				306B5226251C8114001A46B5 /* Info.plist */,
			);
			path = subclassing_tableViewController;
			sourceTree = "<group>";
		};
		30B5C67C2528671100892525 /* Controllers */ = {
			isa = PBXGroup;
			children = (
				306B522C251C8369001A46B5 /* ToDoListTableViewController.swift */,
			);
			path = Controllers;
			sourceTree = "<group>";
		};
		30B5C67D2528672E00892525 /* Supporting Files */ = {
			isa = PBXGroup;
			children = (
				306B5221251C8114001A46B5 /* Assets.xcassets */,
				306B5223251C8114001A46B5 /* LaunchScreen.storyboard */,
			);
			path = "Supporting Files";
			sourceTree = "<group>";
		};
		30B5C67E2528674300892525 /* Views */ = {
			isa = PBXGroup;
			children = (
				306B521E251C8100001A46B5 /* Main.storyboard */,
			);
			path = Views;
			sourceTree = "<group>";
		};
		30B5C6812528678800892525 /* Data Model */ = {
			isa = PBXGroup;
			children = (
				30B5C67F2528677F00892525 /* Item.swift */,
			);
			path = "Data Model";
			sourceTree = "<group>";
		};
/* End PBXGroup section */

/* Begin PBXNativeTarget section */
		306B5214251C8100001A46B5 /* subclassing_tableViewController */ = {
			isa = PBXNativeTarget;
			buildConfigurationList = 306B5229251C8115001A46B5 /* Build configuration list for PBXNativeTarget "subclassing_tableViewController" */;
			buildPhases = (
				306B5211251C8100001A46B5 /* Sources */,
				306B5212251C8100001A46B5 /* Frameworks */,
				306B5213251C8100001A46B5 /* Resources */,
			);
			buildRules = (
			);
			dependencies = (
			);
			name = subclassing_tableViewController;
			productName = subclassing_tableViewController;
			productReference = 306B5215251C8100001A46B5 /* subclassing_tableViewController.app */;
			productType = "com.apple.product-type.application";
		};
/* End PBXNativeTarget section */

/* Begin PBXProject section */
		306B520D251C8100001A46B5 /* Project object */ = {
			isa = PBXProject;
			attributes = {
				LastSwiftUpdateCheck = 1130;
				LastUpgradeCheck = 1130;
				ORGANIZATIONNAME = t;
				TargetAttributes = {
					306B5214251C8100001A46B5 = {
						CreatedOnToolsVersion = 11.3.1;
					};
				};
			};
			buildConfigurationList = 306B5210251C8100001A46B5 /* Build configuration list for PBXProject "subclassing_tableViewController" */;
			compatibilityVersion = "Xcode 9.3";
			developmentRegion = en;
			hasScannedForEncodings = 0;
			knownRegions = (
				en,
				Base,
			);
			mainGroup = 306B520C251C8100001A46B5;
			productRefGroup = 306B5216251C8100001A46B5 /* Products */;
			projectDirPath = "";
			projectRoot = "";
			targets = (
				306B5214251C8100001A46B5 /* subclassing_tableViewController */,
			);
		};
/* End PBXProject section */

/* Begin PBXResourcesBuildPhase section */
		306B5213251C8100001A46B5 /* Resources */ = {
			isa = PBXResourcesBuildPhase;
			buildActionMask = 2147483647;
			files = (
				306B5225251C8114001A46B5 /* LaunchScreen.storyboard in Resources */,
				306B5222251C8114001A46B5 /* Assets.xcassets in Resources */,
				306B5220251C8100001A46B5 /* Main.storyboard in Resources */,
			);
			runOnlyForDeploymentPostprocessing = 0;
		};
/* End PBXResourcesBuildPhase section */

/* Begin PBXSourcesBuildPhase section */
		306B5211251C8100001A46B5 /* Sources */ = {
			isa = PBXSourcesBuildPhase;
			buildActionMask = 2147483647;
			files = (
				306B5219251C8100001A46B5 /* AppDelegate.swift in Sources */,
				306B521B251C8100001A46B5 /* SceneDelegate.swift in Sources */,
				306B522D251C8369001A46B5 /* ToDoListTableViewController.swift in Sources */,
				30B5C6802528677F00892525 /* Item.swift in Sources */,
			);
			runOnlyForDeploymentPostprocessing = 0;
		};
/* End PBXSourcesBuildPhase section */

/* Begin PBXVariantGroup section */
		306B521E251C8100001A46B5 /* Main.storyboard */ = {
			isa = PBXVariantGroup;
			children = (
				306B521F251C8100001A46B5 /* Base */,
			);
			name = Main.storyboard;
			sourceTree = "<group>";
		};
		306B5223251C8114001A46B5 /* LaunchScreen.storyboard */ = {
			isa = PBXVariantGroup;
			children = (
				306B5224251C8114001A46B5 /* Base */,
			);
			name = LaunchScreen.storyboard;
			sourceTree = "<group>";
		};
/* End PBXVariantGroup section */

/* Begin XCBuildConfiguration section */
		306B5227251C8114001A46B5 /* Debug */ = {
			isa = XCBuildConfiguration;
			buildSettings = {
				ALWAYS_SEARCH_USER_PATHS = NO;
				CLANG_ANALYZER_NONNULL = YES;
				CLANG_ANALYZER_NUMBER_OBJECT_CONVERSION = YES_AGGRESSIVE;
				CLANG_CXX_LANGUAGE_STANDARD = "gnu++14";
				CLANG_CXX_LIBRARY = "libc++";
				CLANG_ENABLE_MODULES = YES;
				CLANG_ENABLE_OBJC_ARC = YES;
				CLANG_ENABLE_OBJC_WEAK = YES;
				CLANG_WARN_BLOCK_CAPTURE_AUTORELEASING = YES;
				CLANG_WARN_BOOL_CONVERSION = YES;
				CLANG_WARN_COMMA = YES;
				CLANG_WARN_CONSTANT_CONVERSION = YES;
				CLANG_WARN_DEPRECATED_OBJC_IMPLEMENTATIONS = YES;
				CLANG_WARN_DIRECT_OBJC_ISA_USAGE = YES_ERROR;
				CLANG_WARN_DOCUMENTATION_COMMENTS = YES;
				CLANG_WARN_EMPTY_BODY = YES;
				CLANG_WARN_ENUM_CONVERSION = YES;
				CLANG_WARN_INFINITE_RECURSION = YES;
				CLANG_WARN_INT_CONVERSION = YES;
				CLANG_WARN_NON_LITERAL_NULL_CONVERSION = YES;
				CLANG_WARN_OBJC_IMPLICIT_RETAIN_SELF = YES;
				CLANG_WARN_OBJC_LITERAL_CONVERSION = YES;
				CLANG_WARN_OBJC_ROOT_CLASS = YES_ERROR;
				CLANG_WARN_RANGE_LOOP_ANALYSIS = YES;
				CLANG_WARN_STRICT_PROTOTYPES = YES;
				CLANG_WARN_SUSPICIOUS_MOVE = YES;
				CLANG_WARN_UNGUARDED_AVAILABILITY = YES_AGGRESSIVE;
				CLANG_WARN_UNREACHABLE_CODE = YES;
				CLANG_WARN__DUPLICATE_METHOD_MATCH = YES;
				COPY_PHASE_STRIP = NO;
				DEBUG_INFORMATION_FORMAT = dwarf;
				ENABLE_STRICT_OBJC_MSGSEND = YES;
				ENABLE_TESTABILITY = YES;
				GCC_C_LANGUAGE_STANDARD = gnu11;
				GCC_DYNAMIC_NO_PIC = NO;
				GCC_NO_COMMON_BLOCKS = YES;
				GCC_OPTIMIZATION_LEVEL = 0;
				GCC_PREPROCESSOR_DEFINITIONS = (
					"DEBUG=1",
					"$(inherited)",
				);
				GCC_WARN_64_TO_32_BIT_CONVERSION = YES;
				GCC_WARN_ABOUT_RETURN_TYPE = YES_ERROR;
				GCC_WARN_UNDECLARED_SELECTOR = YES;
				GCC_WARN_UNINITIALIZED_AUTOS = YES_AGGRESSIVE;
				GCC_WARN_UNUSED_FUNCTION = YES;
				GCC_WARN_UNUSED_VARIABLE = YES;
				IPHONEOS_DEPLOYMENT_TARGET = 13.2;
				MTL_ENABLE_DEBUG_INFO = INCLUDE_SOURCE;
				MTL_FAST_MATH = YES;
				ONLY_ACTIVE_ARCH = YES;
				SDKROOT = iphoneos;
				SWIFT_ACTIVE_COMPILATION_CONDITIONS = DEBUG;
				SWIFT_OPTIMIZATION_LEVEL = "-Onone";
			};
			name = Debug;
		};
		306B5228251C8115001A46B5 /* Release */ = {
			isa = XCBuildConfiguration;
			buildSettings = {
				ALWAYS_SEARCH_USER_PATHS = NO;
				CLANG_ANALYZER_NONNULL = YES;
				CLANG_ANALYZER_NUMBER_OBJECT_CONVERSION = YES_AGGRESSIVE;
				CLANG_CXX_LANGUAGE_STANDARD = "gnu++14";
				CLANG_CXX_LIBRARY = "libc++";
				CLANG_ENABLE_MODULES = YES;
				CLANG_ENABLE_OBJC_ARC = YES;
				CLANG_ENABLE_OBJC_WEAK = YES;
				CLANG_WARN_BLOCK_CAPTURE_AUTORELEASING = YES;
				CLANG_WARN_BOOL_CONVERSION = YES;
				CLANG_WARN_COMMA = YES;
				CLANG_WARN_CONSTANT_CONVERSION = YES;
				CLANG_WARN_DEPRECATED_OBJC_IMPLEMENTATIONS = YES;
				CLANG_WARN_DIRECT_OBJC_ISA_USAGE = YES_ERROR;
				CLANG_WARN_DOCUMENTATION_COMMENTS = YES;
				CLANG_WARN_EMPTY_BODY = YES;
				CLANG_WARN_ENUM_CONVERSION = YES;
				CLANG_WARN_INFINITE_RECURSION = YES;
				CLANG_WARN_INT_CONVERSION = YES;
				CLANG_WARN_NON_LITERAL_NULL_CONVERSION = YES;
				CLANG_WARN_OBJC_IMPLICIT_RETAIN_SELF = YES;
				CLANG_WARN_OBJC_LITERAL_CONVERSION = YES;
				CLANG_WARN_OBJC_ROOT_CLASS = YES_ERROR;
				CLANG_WARN_RANGE_LOOP_ANALYSIS = YES;
				CLANG_WARN_STRICT_PROTOTYPES = YES;
				CLANG_WARN_SUSPICIOUS_MOVE = YES;
				CLANG_WARN_UNGUARDED_AVAILABILITY = YES_AGGRESSIVE;
				CLANG_WARN_UNREACHABLE_CODE = YES;
				CLANG_WARN__DUPLICATE_METHOD_MATCH = YES;
				COPY_PHASE_STRIP = NO;
				DEBUG_INFORMATION_FORMAT = "dwarf-with-dsym";
				ENABLE_NS_ASSERTIONS = NO;
				ENABLE_STRICT_OBJC_MSGSEND = YES;
				GCC_C_LANGUAGE_STANDARD = gnu11;
				GCC_NO_COMMON_BLOCKS = YES;
				GCC_WARN_64_TO_32_BIT_CONVERSION = YES;
				GCC_WARN_ABOUT_RETURN_TYPE = YES_ERROR;
				GCC_WARN_UNDECLARED_SELECTOR = YES;
				GCC_WARN_UNINITIALIZED_AUTOS = YES_AGGRESSIVE;
				GCC_WARN_UNUSED_FUNCTION = YES;
				GCC_WARN_UNUSED_VARIABLE = YES;
				IPHONEOS_DEPLOYMENT_TARGET = 13.2;
				MTL_ENABLE_DEBUG_INFO = NO;
				MTL_FAST_MATH = YES;
				SDKROOT = iphoneos;
				SWIFT_COMPILATION_MODE = wholemodule;
				SWIFT_OPTIMIZATION_LEVEL = "-O";
				VALIDATE_PRODUCT = YES;
			};
			name = Release;
		};
		306B522A251C8115001A46B5 /* Debug */ = {
			isa = XCBuildConfiguration;
			buildSettings = {
				ASSETCATALOG_COMPILER_APPICON_NAME = AppIcon;
				CODE_SIGN_STYLE = Automatic;
				INFOPLIST_FILE = subclassing_tableViewController/Info.plist;
				LD_RUNPATH_SEARCH_PATHS = (
					"$(inherited)",
					"@executable_path/Frameworks",
				);
				PRODUCT_BUNDLE_IDENTIFIER = "com.swapnil..subclassing-tableViewController";
				PRODUCT_NAME = "$(TARGET_NAME)";
				SWIFT_VERSION = 5.0;
				TARGETED_DEVICE_FAMILY = "1,2";
			};
			name = Debug;
		};
		306B522B251C8115001A46B5 /* Release */ = {
			isa = XCBuildConfiguration;
			buildSettings = {
				ASSETCATALOG_COMPILER_APPICON_NAME = AppIcon;
				CODE_SIGN_STYLE = Automatic;
				INFOPLIST_FILE = subclassing_tableViewController/Info.plist;
				LD_RUNPATH_SEARCH_PATHS = (
					"$(inherited)",
					"@executable_path/Frameworks",
				);
				PRODUCT_BUNDLE_IDENTIFIER = "com.swapnil..subclassing-tableViewController";
				PRODUCT_NAME = "$(TARGET_NAME)";
				SWIFT_VERSION = 5.0;
				TARGETED_DEVICE_FAMILY = "1,2";
			};
			name = Release;
		};
/* End XCBuildConfiguration section */

/* Begin XCConfigurationList section */
		306B5210251C8100001A46B5 /* Build configuration list for PBXProject "subclassing_tableViewController" */ = {
			isa = XCConfigurationList;
			buildConfigurations = (
				306B5227251C8114001A46B5 /* Debug */,
				306B5228251C8115001A46B5 /* Release */,
			);
			defaultConfigurationIsVisible = 0;
			defaultConfigurationName = Release;
		};
		306B5229251C8115001A46B5 /* Build configuration list for PBXNativeTarget "subclassing_tableViewController" */ = {
			isa = XCConfigurationList;
			buildConfigurations = (
				306B522A251C8115001A46B5 /* Debug */,
				306B522B251C8115001A46B5 /* Release */,
			);
			defaultConfigurationIsVisible = 0;
			defaultConfigurationName = Release;
		};
/* End XCConfigurationList section */
	};
	rootObject = 306B520D251C8100001A46B5 /* Project object */;
}
